
Microsoft Visual Studio Solution File, Format Version 12.00
# Visual Studio Version 16
VisualStudioVersion = 16.0.31005.135
MinimumVisualStudioVersion = 10.0.40219.1
Project("{FAE04EC0-301F-11D3-BF4B-00C04F79EFBC}") = "TwitterFollower", "TwitterFollower\TwitterFollower.csproj", "{AF0D2FC3-82E9-473C-90F1-76D945488E99}"
EndProject
Global
	GlobalSection(SolutionConfigurationPlatforms) = preSolution
		Debug|Any CPU = Debug|Any CPU
		Release|Any CPU = Release|Any CPU
	EndGlobalSection
	GlobalSection(ProjectConfigurationPlatforms) = postSolution
		{AF0D2FC3-82E9-473C-90F1-76D945488E99}.Debug|Any CPU.ActiveCfg = Debug|Any CPU
		{AF0D2FC3-82E9-473C-90F1-76D945488E99}.Debug|Any CPU.Build.0 = Debug|Any CPU
		{AF0D2FC3-82E9-473C-90F1-76D945488E99}.Release|Any CPU.ActiveCfg = Release|Any CPU
		{AF0D2FC3-82E9-473C-90F1-76D945488E99}.Release|Any CPU.Build.0 = Release|Any CPU
	EndGlobalSection
	GlobalSection(SolutionProperties) = preSolution
		HideSolutionNode = FALSE
	EndGlobalSection
	GlobalSection(ExtensibilityGlobals) = postSolution
		SolutionGuid = {F02A5DD0-6BE5-44A3-9670-BC9D9C712409}
	EndGlobalSection
EndGlobal
